
Microsoft Visual Studio Solution File, Format Version 12.00
# Visual Studio Version 17
VisualStudioVersion = 17.4.33205.214
MinimumVisualStudioVersion = 10.0.40219.1
Project("{9A19103F-16F7-4668-BE54-9A1E7A4F7556}") = "Benny-Scraper", "Benny-Scraper\Benny-Scraper.csproj", "{5A986A1A-950C-4309-9A2C-6321BE773EDD}"
EndProject
Project("{9A19103F-16F7-4668-BE54-9A1E7A4F7556}") = "GoogleDriveClient", "GoogleDriveClient\GoogleDriveClient.csproj", "{BF2F9A27-C27E-452B-A34F-29C7909BF6EF}"
EndProject
Project("{9A19103F-16F7-4668-BE54-9A1E7A4F7556}") = "Benny-Scraper.Models", "Benny-Scraper.Models\Benny-Scraper.Models.csproj", "{AB95D056-20ED-4F57-9734-D6AC4BAB0545}"
EndProject
Project("{9A19103F-16F7-4668-BE54-9A1E7A4F7556}") = "Benny-Scraper.DataAccess", "Benny-Scraper.DataAccess\Benny-Scraper.DataAccess.csproj", "{9612A507-A28A-4811-A662-3109259CA649}"
EndProject
Project("{2150E333-8FDC-42A3-9474-1A3956D46DE8}") = "Solution Items", "Solution Items", "{C211EF61-DDDE-4E85-8605-144E91D29549}"
	ProjectSection(SolutionItems) = preProject
		Notes.md = Notes.md
	EndProjectSection
EndProject
Project("{9A19103F-16F7-4668-BE54-9A1E7A4F7556}") = "Benny-Scraper.BusinessLogic", "Benny-Scraper.BusinessLogic\Benny-Scraper.BusinessLogic.csproj", "{14D993FA-627D-4E20-9862-E887278D9243}"
EndProject
Global
	GlobalSection(SolutionConfigurationPlatforms) = preSolution
		Debug|Any CPU = Debug|Any CPU
		Release|Any CPU = Release|Any CPU
	EndGlobalSection
	GlobalSection(ProjectConfigurationPlatforms) = postSolution
		{5A986A1A-950C-4309-9A2C-6321BE773EDD}.Debug|Any CPU.ActiveCfg = Debug|Any CPU
		{5A986A1A-950C-4309-9A2C-6321BE773EDD}.Debug|Any CPU.Build.0 = Debug|Any CPU
		{5A986A1A-950C-4309-9A2C-6321BE773EDD}.Release|Any CPU.ActiveCfg = Release|Any CPU
		{5A986A1A-950C-4309-9A2C-6321BE773EDD}.Release|Any CPU.Build.0 = Release|Any CPU
		{BF2F9A27-C27E-452B-A34F-29C7909BF6EF}.Debug|Any CPU.ActiveCfg = Debug|Any CPU
		{BF2F9A27-C27E-452B-A34F-29C7909BF6EF}.Debug|Any CPU.Build.0 = Debug|Any CPU
		{BF2F9A27-C27E-452B-A34F-29C7909BF6EF}.Release|Any CPU.ActiveCfg = Release|Any CPU
		{BF2F9A27-C27E-452B-A34F-29C7909BF6EF}.Release|Any CPU.Build.0 = Release|Any CPU
		{AB95D056-20ED-4F57-9734-D6AC4BAB0545}.Debug|Any CPU.ActiveCfg = Debug|Any CPU
		{AB95D056-20ED-4F57-9734-D6AC4BAB0545}.Debug|Any CPU.Build.0 = Debug|Any CPU
		{AB95D056-20ED-4F57-9734-D6AC4BAB0545}.Release|Any CPU.ActiveCfg = Release|Any CPU
		{AB95D056-20ED-4F57-9734-D6AC4BAB0545}.Release|Any CPU.Build.0 = Release|Any CPU
		{9612A507-A28A-4811-A662-3109259CA649}.Debug|Any CPU.ActiveCfg = Debug|Any CPU
		{9612A507-A28A-4811-A662-3109259CA649}.Debug|Any CPU.Build.0 = Debug|Any CPU
		{9612A507-A28A-4811-A662-3109259CA649}.Release|Any CPU.ActiveCfg = Release|Any CPU
		{9612A507-A28A-4811-A662-3109259CA649}.Release|Any CPU.Build.0 = Release|Any CPU
		{14D993FA-627D-4E20-9862-E887278D9243}.Debug|Any CPU.ActiveCfg = Debug|Any CPU
		{14D993FA-627D-4E20-9862-E887278D9243}.Debug|Any CPU.Build.0 = Debug|Any CPU
		{14D993FA-627D-4E20-9862-E887278D9243}.Release|Any CPU.ActiveCfg = Release|Any CPU
		{14D993FA-627D-4E20-9862-E887278D9243}.Release|Any CPU.Build.0 = Release|Any CPU
	EndGlobalSection
	GlobalSection(SolutionProperties) = preSolution
		HideSolutionNode = FALSE
	EndGlobalSection
	GlobalSection(ExtensibilityGlobals) = postSolution
		SolutionGuid = {05FF0FCF-61ED-427B-9280-0CD6796946F8}
	EndGlobalSection
EndGlobal
